
Microsoft Visual Studio Solution File, Format Version 12.00
# Visual Studio Version 17
VisualStudioVersion = 17.5.33627.172
MinimumVisualStudioVersion = 10.0.40219.1
Project("{2150E333-8FDC-42A3-9474-1A3956D46DE8}") = "Application", "Application", "{0D32460A-2F92-47B7-A3D0-4BC9CC917ECF}"
EndProject
Project("{2150E333-8FDC-42A3-9474-1A3956D46DE8}") = "Microwf", "Microwf", "{6A0F5C98-B781-4E03-9099-AF8600E516E6}"
EndProject
Project("{9A19103F-16F7-4668-BE54-9A1E7A4F7556}") = "microwf.AspNetCoreEngine", "..\microwf-main\src\microwf.AspNetCoreEngine\microwf.AspNetCoreEngine.csproj", "{99B82205-F041-4D5F-9511-EA8CD68FAE8B}"
EndProject
Project("{9A19103F-16F7-4668-BE54-9A1E7A4F7556}") = "microwf.Core", "..\microwf-main\src\microwf.Core\microwf.Core.csproj", "{B29A6E92-2087-4ED2-87E4-8852C6FA4F6F}"
EndProject
Project("{9A19103F-16F7-4668-BE54-9A1E7A4F7556}") = "microwf.Domain", "..\microwf-main\src\microwf.Domain\microwf.Domain.csproj", "{8C7C828F-4F05-4D0E-9D67-4F0DF7BF649A}"
EndProject
Project("{9A19103F-16F7-4668-BE54-9A1E7A4F7556}") = "microwf.Infrastructure", "..\microwf-main\src\microwf.Infrastructure\microwf.Infrastructure.csproj", "{A20F0AB6-F20B-44A7-943F-5377FEBB3142}"
EndProject
Project("{FAE04EC0-301F-11D3-BF4B-00C04F79EFBC}") = "PM.HSE.Core", "PM.HSE.Core\PM.HSE.Core.csproj", "{7BEA30D5-F22C-4577-9CA9-01D902429615}"
EndProject
Project("{FAE04EC0-301F-11D3-BF4B-00C04F79EFBC}") = "PM.HSE.Jobs", "PM.HSE.Jobs\PM.HSE.Jobs.csproj", "{1BD2498D-6C3D-4BB6-9EC3-DC735DE0A5A7}"
EndProject
Project("{FAE04EC0-301F-11D3-BF4B-00C04F79EFBC}") = "PM.HSE.Services", "PM.HSE.Services\PM.HSE.Services.csproj", "{9CFF5366-1E32-44E0-BF1A-88BC03C66A2A}"
EndProject
Project("{FAE04EC0-301F-11D3-BF4B-00C04F79EFBC}") = "PM.HSE.Workflows", "PM.HSE.Workflows\PM.HSE.Workflows.csproj", "{9DFCA15F-CFC0-4A5D-BF9D-FE27330D0B78}"
EndProject
Project("{2150E333-8FDC-42A3-9474-1A3956D46DE8}") = "Domain", "Domain", "{D3D63350-068B-4A21-AA8F-816DE6C8967A}"
EndProject
Project("{FAE04EC0-301F-11D3-BF4B-00C04F79EFBC}") = "PM.HSE.Domain", "PM.HSE.Domain\PM.HSE.Domain.csproj", "{7E60D8B3-D3F9-425F-B331-747058CCEE25}"
EndProject
Project("{2150E333-8FDC-42A3-9474-1A3956D46DE8}") = "Infrastructure", "Infrastructure", "{AEAF1E03-54E5-46EF-AC47-1F33545D6617}"
EndProject
Project("{FAE04EC0-301F-11D3-BF4B-00C04F79EFBC}") = "PM.HSE.Database", "PM.HSE.Database\PM.HSE.Database.csproj", "{9664BB6B-25E1-4864-BF54-5161D766188A}"
EndProject
Project("{FAE04EC0-301F-11D3-BF4B-00C04F79EFBC}") = "PM.HSE.InfraServices", "PM.HSE.InfraServices\PM.HSE.InfraServices.csproj", "{5D099547-4C66-499F-B159-FE3B4D216219}"
EndProject
Project("{FAE04EC0-301F-11D3-BF4B-00C04F79EFBC}") = "PM.HSE.IoC", "PM.HSE.IoC\PM.HSE.IoC.csproj", "{C65B2025-0D63-4088-A8E5-D3AA7915553D}"
EndProject
Project("{2150E333-8FDC-42A3-9474-1A3956D46DE8}") = "Shared", "Shared", "{CF3E632A-FB10-4C9A-94C1-761EF9119DF4}"
EndProject
Project("{FAE04EC0-301F-11D3-BF4B-00C04F79EFBC}") = "PM.HSE.Helpers", "PM.HSE.Helpers\PM.HSE.Helpers.csproj", "{EE04BC03-844C-446D-BA0E-2D36DC92A875}"
EndProject
Project("{2150E333-8FDC-42A3-9474-1A3956D46DE8}") = "Solution Items", "Solution Items", "{289EAFF5-32F6-4B43-86D3-3F1C96131A99}"
EndProject
Project("{2150E333-8FDC-42A3-9474-1A3956D46DE8}") = "Web", "Web", "{C0B54051-D6D9-4D47-BE74-D764233EB79B}"
EndProject
Project("{FAE04EC0-301F-11D3-BF4B-00C04F79EFBC}") = "PM.HSE.FrontEndAPI", "PM.HSE.FrontEndAPI\PM.HSE.FrontEndAPI.csproj", "{01146064-3BBF-422A-9B24-7E6C46A7A456}"
EndProject
Global
	GlobalSection(SolutionConfigurationPlatforms) = preSolution
		Debug|Any CPU = Debug|Any CPU
		Release|Any CPU = Release|Any CPU
	EndGlobalSection
	GlobalSection(ProjectConfigurationPlatforms) = postSolution
		{99B82205-F041-4D5F-9511-EA8CD68FAE8B}.Debug|Any CPU.ActiveCfg = Debug|Any CPU
		{99B82205-F041-4D5F-9511-EA8CD68FAE8B}.Debug|Any CPU.Build.0 = Debug|Any CPU
		{99B82205-F041-4D5F-9511-EA8CD68FAE8B}.Release|Any CPU.ActiveCfg = Release|Any CPU
		{99B82205-F041-4D5F-9511-EA8CD68FAE8B}.Release|Any CPU.Build.0 = Release|Any CPU
		{B29A6E92-2087-4ED2-87E4-8852C6FA4F6F}.Debug|Any CPU.ActiveCfg = Debug|Any CPU
		{B29A6E92-2087-4ED2-87E4-8852C6FA4F6F}.Debug|Any CPU.Build.0 = Debug|Any CPU
		{B29A6E92-2087-4ED2-87E4-8852C6FA4F6F}.Release|Any CPU.ActiveCfg = Release|Any CPU
		{B29A6E92-2087-4ED2-87E4-8852C6FA4F6F}.Release|Any CPU.Build.0 = Release|Any CPU
		{8C7C828F-4F05-4D0E-9D67-4F0DF7BF649A}.Debug|Any CPU.ActiveCfg = Debug|Any CPU
		{8C7C828F-4F05-4D0E-9D67-4F0DF7BF649A}.Debug|Any CPU.Build.0 = Debug|Any CPU
		{8C7C828F-4F05-4D0E-9D67-4F0DF7BF649A}.Release|Any CPU.ActiveCfg = Release|Any CPU
		{8C7C828F-4F05-4D0E-9D67-4F0DF7BF649A}.Release|Any CPU.Build.0 = Release|Any CPU
		{A20F0AB6-F20B-44A7-943F-5377FEBB3142}.Debug|Any CPU.ActiveCfg = Debug|Any CPU
		{A20F0AB6-F20B-44A7-943F-5377FEBB3142}.Debug|Any CPU.Build.0 = Debug|Any CPU
		{A20F0AB6-F20B-44A7-943F-5377FEBB3142}.Release|Any CPU.ActiveCfg = Release|Any CPU
		{A20F0AB6-F20B-44A7-943F-5377FEBB3142}.Release|Any CPU.Build.0 = Release|Any CPU
		{7BEA30D5-F22C-4577-9CA9-01D902429615}.Debug|Any CPU.ActiveCfg = Debug|Any CPU
		{7BEA30D5-F22C-4577-9CA9-01D902429615}.Debug|Any CPU.Build.0 = Debug|Any CPU
		{7BEA30D5-F22C-4577-9CA9-01D902429615}.Release|Any CPU.ActiveCfg = Release|Any CPU
		{7BEA30D5-F22C-4577-9CA9-01D902429615}.Release|Any CPU.Build.0 = Release|Any CPU
		{1BD2498D-6C3D-4BB6-9EC3-DC735DE0A5A7}.Debug|Any CPU.ActiveCfg = Debug|Any CPU
		{1BD2498D-6C3D-4BB6-9EC3-DC735DE0A5A7}.Debug|Any CPU.Build.0 = Debug|Any CPU
		{1BD2498D-6C3D-4BB6-9EC3-DC735DE0A5A7}.Release|Any CPU.ActiveCfg = Release|Any CPU
		{1BD2498D-6C3D-4BB6-9EC3-DC735DE0A5A7}.Release|Any CPU.Build.0 = Release|Any CPU
		{9CFF5366-1E32-44E0-BF1A-88BC03C66A2A}.Debug|Any CPU.ActiveCfg = Debug|Any CPU
		{9CFF5366-1E32-44E0-BF1A-88BC03C66A2A}.Debug|Any CPU.Build.0 = Debug|Any CPU
		{9CFF5366-1E32-44E0-BF1A-88BC03C66A2A}.Release|Any CPU.ActiveCfg = Release|Any CPU
		{9CFF5366-1E32-44E0-BF1A-88BC03C66A2A}.Release|Any CPU.Build.0 = Release|Any CPU
		{9DFCA15F-CFC0-4A5D-BF9D-FE27330D0B78}.Debug|Any CPU.ActiveCfg = Debug|Any CPU
		{9DFCA15F-CFC0-4A5D-BF9D-FE27330D0B78}.Debug|Any CPU.Build.0 = Debug|Any CPU
		{9DFCA15F-CFC0-4A5D-BF9D-FE27330D0B78}.Release|Any CPU.ActiveCfg = Release|Any CPU
		{9DFCA15F-CFC0-4A5D-BF9D-FE27330D0B78}.Release|Any CPU.Build.0 = Release|Any CPU
		{7E60D8B3-D3F9-425F-B331-747058CCEE25}.Debug|Any CPU.ActiveCfg = Debug|Any CPU
		{7E60D8B3-D3F9-425F-B331-747058CCEE25}.Debug|Any CPU.Build.0 = Debug|Any CPU
		{7E60D8B3-D3F9-425F-B331-747058CCEE25}.Release|Any CPU.ActiveCfg = Release|Any CPU
		{7E60D8B3-D3F9-425F-B331-747058CCEE25}.Release|Any CPU.Build.0 = Release|Any CPU
		{9664BB6B-25E1-4864-BF54-5161D766188A}.Debug|Any CPU.ActiveCfg = Debug|Any CPU
		{9664BB6B-25E1-4864-BF54-5161D766188A}.Debug|Any CPU.Build.0 = Debug|Any CPU
		{9664BB6B-25E1-4864-BF54-5161D766188A}.Release|Any CPU.ActiveCfg = Release|Any CPU
		{9664BB6B-25E1-4864-BF54-5161D766188A}.Release|Any CPU.Build.0 = Release|Any CPU
		{5D099547-4C66-499F-B159-FE3B4D216219}.Debug|Any CPU.ActiveCfg = Debug|Any CPU
		{5D099547-4C66-499F-B159-FE3B4D216219}.Debug|Any CPU.Build.0 = Debug|Any CPU
		{5D099547-4C66-499F-B159-FE3B4D216219}.Release|Any CPU.ActiveCfg = Release|Any CPU
		{5D099547-4C66-499F-B159-FE3B4D216219}.Release|Any CPU.Build.0 = Release|Any CPU
		{C65B2025-0D63-4088-A8E5-D3AA7915553D}.Debug|Any CPU.ActiveCfg = Debug|Any CPU
		{C65B2025-0D63-4088-A8E5-D3AA7915553D}.Debug|Any CPU.Build.0 = Debug|Any CPU
		{C65B2025-0D63-4088-A8E5-D3AA7915553D}.Release|Any CPU.ActiveCfg = Release|Any CPU
		{C65B2025-0D63-4088-A8E5-D3AA7915553D}.Release|Any CPU.Build.0 = Release|Any CPU
		{EE04BC03-844C-446D-BA0E-2D36DC92A875}.Debug|Any CPU.ActiveCfg = Debug|Any CPU
		{EE04BC03-844C-446D-BA0E-2D36DC92A875}.Debug|Any CPU.Build.0 = Debug|Any CPU
		{EE04BC03-844C-446D-BA0E-2D36DC92A875}.Release|Any CPU.ActiveCfg = Release|Any CPU
		{EE04BC03-844C-446D-BA0E-2D36DC92A875}.Release|Any CPU.Build.0 = Release|Any CPU
		{01146064-3BBF-422A-9B24-7E6C46A7A456}.Debug|Any CPU.ActiveCfg = Debug|Any CPU
		{01146064-3BBF-422A-9B24-7E6C46A7A456}.Debug|Any CPU.Build.0 = Debug|Any CPU
		{01146064-3BBF-422A-9B24-7E6C46A7A456}.Release|Any CPU.ActiveCfg = Release|Any CPU
		{01146064-3BBF-422A-9B24-7E6C46A7A456}.Release|Any CPU.Build.0 = Release|Any CPU
	EndGlobalSection
	GlobalSection(SolutionProperties) = preSolution
		HideSolutionNode = FALSE
	EndGlobalSection
	GlobalSection(NestedProjects) = preSolution
		{6A0F5C98-B781-4E03-9099-AF8600E516E6} = {0D32460A-2F92-47B7-A3D0-4BC9CC917ECF}
		{99B82205-F041-4D5F-9511-EA8CD68FAE8B} = {6A0F5C98-B781-4E03-9099-AF8600E516E6}
		{B29A6E92-2087-4ED2-87E4-8852C6FA4F6F} = {6A0F5C98-B781-4E03-9099-AF8600E516E6}
		{8C7C828F-4F05-4D0E-9D67-4F0DF7BF649A} = {6A0F5C98-B781-4E03-9099-AF8600E516E6}
		{A20F0AB6-F20B-44A7-943F-5377FEBB3142} = {6A0F5C98-B781-4E03-9099-AF8600E516E6}
		{7BEA30D5-F22C-4577-9CA9-01D902429615} = {0D32460A-2F92-47B7-A3D0-4BC9CC917ECF}
		{1BD2498D-6C3D-4BB6-9EC3-DC735DE0A5A7} = {0D32460A-2F92-47B7-A3D0-4BC9CC917ECF}
		{9CFF5366-1E32-44E0-BF1A-88BC03C66A2A} = {0D32460A-2F92-47B7-A3D0-4BC9CC917ECF}
		{9DFCA15F-CFC0-4A5D-BF9D-FE27330D0B78} = {0D32460A-2F92-47B7-A3D0-4BC9CC917ECF}
		{7E60D8B3-D3F9-425F-B331-747058CCEE25} = {D3D63350-068B-4A21-AA8F-816DE6C8967A}
		{9664BB6B-25E1-4864-BF54-5161D766188A} = {AEAF1E03-54E5-46EF-AC47-1F33545D6617}
		{5D099547-4C66-499F-B159-FE3B4D216219} = {AEAF1E03-54E5-46EF-AC47-1F33545D6617}
		{C65B2025-0D63-4088-A8E5-D3AA7915553D} = {AEAF1E03-54E5-46EF-AC47-1F33545D6617}
		{EE04BC03-844C-446D-BA0E-2D36DC92A875} = {CF3E632A-FB10-4C9A-94C1-761EF9119DF4}
		{01146064-3BBF-422A-9B24-7E6C46A7A456} = {C0B54051-D6D9-4D47-BE74-D764233EB79B}
	EndGlobalSection
	GlobalSection(ExtensibilityGlobals) = postSolution
		SolutionGuid = {FBF903BE-378B-4CB7-9928-E5D75FDA6BCC}
	EndGlobalSection
EndGlobal
