
Microsoft Visual Studio Solution File, Format Version 12.00
# Visual Studio Version 17
VisualStudioVersion = 17.5.33627.172
MinimumVisualStudioVersion = 10.0.40219.1
Project("{FAE04EC0-301F-11D3-BF4B-00C04F79EFBC}") = "TaskSchedulingProject", "TaskSchedulingProject.csproj", "{992F4823-C7AD-47F2-8A92-6C40CDA6653E}"
EndProject
Global
	GlobalSection(SolutionConfigurationPlatforms) = preSolution
		Debug|Any CPU = Debug|Any CPU
		Release|Any CPU = Release|Any CPU
	EndGlobalSection
	GlobalSection(ProjectConfigurationPlatforms) = postSolution
		{992F4823-C7AD-47F2-8A92-6C40CDA6653E}.Debug|Any CPU.ActiveCfg = Debug|Any CPU
		{992F4823-C7AD-47F2-8A92-6C40CDA6653E}.Debug|Any CPU.Build.0 = Debug|Any CPU
		{992F4823-C7AD-47F2-8A92-6C40CDA6653E}.Release|Any CPU.ActiveCfg = Release|Any CPU
		{992F4823-C7AD-47F2-8A92-6C40CDA6653E}.Release|Any CPU.Build.0 = Release|Any CPU
	EndGlobalSection
	GlobalSection(SolutionProperties) = preSolution
		HideSolutionNode = FALSE
	EndGlobalSection
	GlobalSection(ExtensibilityGlobals) = postSolution
		SolutionGuid = {2CA36B9C-3B40-4CE5-BBDE-33822B86C355}
	EndGlobalSection
EndGlobal
